<?xml version="1.0" encoding="utf-8"?>
<Project ToolsVersion="4.0" xmlns="http://schemas.microsoft.com/developer/msbuild/2003">
  <ItemGroup>
    <Filter Include="Header Files">
      <UniqueIdentifier>{5bf17d80-3c16-4aef-918c-6994296bb320}</UniqueIdentifier>
    </Filter>
    <Filter Include="Source Files">
      <UniqueIdentifier>{edefc9a5-628e-4695-aaad-22951d646b18}</UniqueIdentifier>
    </Filter>
  </ItemGroup>
  <ItemGroup>
    <ClInclude Include="inc\SSDServing\main.h">
      <Filter>Header Files</Filter>
    </ClInclude>
    <ClInclude Include="inc\SSDServing\SelectHead.h">
      <Filter>Header Files</Filter>
    </ClInclude>
    <ClInclude Include="inc\SSDServing\SSDIndex.h">
      <Filter>Header Files</Filter>
    </ClInclude>
    <ClInclude Include="inc\SSDServing\Utils.h">
      <Filter>Header Files</Filter>
    </ClInclude>
  </ItemGroup>
  <ItemGroup>
    <None Include="packages.config" />
  </ItemGroup>
  <ItemGroup>
    <ClCompile Include="src\SSDServing\main.cpp">
      <Filter>Source Files</Filter>
    </ClCompile>
  </ItemGroup>
</Project>