<?xml version="1.0" encoding="utf-8"?>
<Project ToolsVersion="4.0" xmlns="http://schemas.microsoft.com/developer/msbuild/2003">
  <ItemGroup>
    <Filter Include="Header Files">
      <UniqueIdentifier>{d5aba8fd-7ec7-458a-b728-ae5eaea04e43}</UniqueIdentifier>
    </Filter>
    <Filter Include="Source Files">
      <UniqueIdentifier>{6835b7a3-6818-4a89-89c0-fc6527dbf613}</UniqueIdentifier>
    </Filter>
  </ItemGroup>
  <ItemGroup>
    <ClInclude Include="inc\SSDServing\main.h">
      <Filter>Header Files</Filter>
    </ClInclude>
    <ClInclude Include="inc\SSDServing\SelectHead.h">
      <Filter>Header Files</Filter>
    </ClInclude>
    <ClInclude Include="inc\SSDServing\Utils.h">
      <Filter>Header Files</Filter>
    </ClInclude>
    <ClInclude Include="inc\SSDServing\SSDIndex.h">
      <Filter>Header Files</Filter>
    </ClInclude>
  </ItemGroup>
  <ItemGroup>
    <ClCompile Include="src\SSDServing\main.cpp">
      <Filter>Source Files</Filter>
    </ClCompile>
  </ItemGroup>
  <ItemGroup>
    <None Include="packages.config" />
  </ItemGroup>
</Project>